// !$*UTF8*$!
{
	archiveVersion = 1;
	classes = {
	};
	objectVersion = 50;
	objects = {

/* Begin PBXBuildFile section */
		0F4C47EE23F7F9D100CB53D9 /* GameViewController.swift in Sources */ = {isa = PBXBuildFile; fileRef = 0F4C47ED23F7F9D100CB53D9 /* GameViewController.swift */; };
		0F4C47F323F7FC8900CB53D9 /* ContentView.swift in Sources */ = {isa = PBXBuildFile; fileRef = 0F4C47F223F7FC8900CB53D9 /* ContentView.swift */; };
		0F4C47F523F7FD2800CB53D9 /* BoardView.swift in Sources */ = {isa = PBXBuildFile; fileRef = 0F4C47F423F7FD2800CB53D9 /* BoardView.swift */; };
		0F4C47F723F7FDA100CB53D9 /* PieceView.swift in Sources */ = {isa = PBXBuildFile; fileRef = 0F4C47F623F7FDA100CB53D9 /* PieceView.swift */; };
		0F4C47F923F7FE2500CB53D9 /* Board.swift in Sources */ = {isa = PBXBuildFile; fileRef = 0F4C47F823F7FE2500CB53D9 /* Board.swift */; };
		0F4C47FB23F7FE8B00CB53D9 /* Piece.swift in Sources */ = {isa = PBXBuildFile; fileRef = 0F4C47FA23F7FE8B00CB53D9 /* Piece.swift */; };
		0F4C47FD23F7FF0400CB53D9 /* Utilities.swift in Sources */ = {isa = PBXBuildFile; fileRef = 0F4C47FC23F7FF0400CB53D9 /* Utilities.swift */; };
		0F4C47FF23F8000000CB53D9 /* King.swift in Sources */ = {isa = PBXBuildFile; fileRef = 0F4C47FE23F8000000CB53D9 /* King.swift */; };
		0F4C480123F8011700CB53D9 /* Guard.swift in Sources */ = {isa = PBXBuildFile; fileRef = 0F4C480023F8011700CB53D9 /* Guard.swift */; };
		0F4C480323F801BA00CB53D9 /* Bishop.swift in Sources */ = {isa = PBXBuildFile; fileRef = 0F4C480223F801BA00CB53D9 /* Bishop.swift */; };
		0F4C480523F8023300CB53D9 /* Horse.swift in Sources */ = {isa = PBXBuildFile; fileRef = 0F4C480423F8023300CB53D9 /* Horse.swift */; };
		0F4C480723F802A700CB53D9 /* Rook.swift in Sources */ = {isa = PBXBuildFile; fileRef = 0F4C480623F802A700CB53D9 /* Rook.swift */; };
		0F4C480923F8037C00CB53D9 /* Canon.swift in Sources */ = {isa = PBXBuildFile; fileRef = 0F4C480823F8037C00CB53D9 /* Canon.swift */; };
		0F4C480B23F803D600CB53D9 /* Pawn.swift in Sources */ = {isa = PBXBuildFile; fileRef = 0F4C480A23F803D600CB53D9 /* Pawn.swift */; };
		0F4C480D23F80A2200CB53D9 /* ChessCore.swift in Sources */ = {isa = PBXBuildFile; fileRef = 0F4C480C23F80A2200CB53D9 /* ChessCore.swift */; };
		0F52213D23F84F6E00AC559E /* NavigationView.swift in Sources */ = {isa = PBXBuildFile; fileRef = 0F52213C23F84F6E00AC559E /* NavigationView.swift */; };
		0F52213F23F84F7E00AC559E /* NavigationView.xib in Resources */ = {isa = PBXBuildFile; fileRef = 0F52213E23F84F7E00AC559E /* NavigationView.xib */; };
		0F52214123F8525500AC559E /* PlayerInfoView.swift in Sources */ = {isa = PBXBuildFile; fileRef = 0F52214023F8525500AC559E /* PlayerInfoView.swift */; };
		0F52214323F8526600AC559E /* PlayerInfoView.xib in Resources */ = {isa = PBXBuildFile; fileRef = 0F52214223F8526600AC559E /* PlayerInfoView.xib */; };
		0F84146923FE591500EFD274 /* AssistantView.xib in Resources */ = {isa = PBXBuildFile; fileRef = 0F84146723FE591500EFD274 /* AssistantView.xib */; };
		0F84146A23FE591500EFD274 /* AssistantView.swift in Sources */ = {isa = PBXBuildFile; fileRef = 0F84146823FE591500EFD274 /* AssistantView.swift */; };
		0FAE557D23FC24FE000B7EF3 /* AlertView.xib in Resources */ = {isa = PBXBuildFile; fileRef = 0FAE557B23FC24FE000B7EF3 /* AlertView.xib */; };
		0FAE557E23FC24FE000B7EF3 /* AlertView.swift in Sources */ = {isa = PBXBuildFile; fileRef = 0FAE557C23FC24FE000B7EF3 /* AlertView.swift */; };
		0FD1B72823F7A1B00026AD63 /* AppDelegate.swift in Sources */ = {isa = PBXBuildFile; fileRef = 0FD1B72723F7A1B00026AD63 /* AppDelegate.swift */; };
		0FD1B72A23F7A1B00026AD63 /* SceneDelegate.swift in Sources */ = {isa = PBXBuildFile; fileRef = 0FD1B72923F7A1B00026AD63 /* SceneDelegate.swift */; };
		0FD1B72C23F7A1B00026AD63 /* MainViewController.swift in Sources */ = {isa = PBXBuildFile; fileRef = 0FD1B72B23F7A1B00026AD63 /* MainViewController.swift */; };
		0FD1B72F23F7A1B00026AD63 /* Main.storyboard in Resources */ = {isa = PBXBuildFile; fileRef = 0FD1B72D23F7A1B00026AD63 /* Main.storyboard */; };
		0FD1B73123F7A1B10026AD63 /* Assets.xcassets in Resources */ = {isa = PBXBuildFile; fileRef = 0FD1B73023F7A1B10026AD63 /* Assets.xcassets */; };
		0FD1B73423F7A1B10026AD63 /* LaunchScreen.storyboard in Resources */ = {isa = PBXBuildFile; fileRef = 0FD1B73223F7A1B10026AD63 /* LaunchScreen.storyboard */; };
/* End PBXBuildFile section */

/* Begin PBXFileReference section */
		0F4C47ED23F7F9D100CB53D9 /* GameViewController.swift */ = {isa = PBXFileReference; lastKnownFileType = sourcecode.swift; path = GameViewController.swift; sourceTree = "<group>"; };
		0F4C47F223F7FC8900CB53D9 /* ContentView.swift */ = {isa = PBXFileReference; lastKnownFileType = sourcecode.swift; path = ContentView.swift; sourceTree = "<group>"; };
		0F4C47F423F7FD2800CB53D9 /* BoardView.swift */ = {isa = PBXFileReference; lastKnownFileType = sourcecode.swift; path = BoardView.swift; sourceTree = "<group>"; };
		0F4C47F623F7FDA100CB53D9 /* PieceView.swift */ = {isa = PBXFileReference; lastKnownFileType = sourcecode.swift; path = PieceView.swift; sourceTree = "<group>"; };
		0F4C47F823F7FE2500CB53D9 /* Board.swift */ = {isa = PBXFileReference; lastKnownFileType = sourcecode.swift; path = Board.swift; sourceTree = "<group>"; };
		0F4C47FA23F7FE8B00CB53D9 /* Piece.swift */ = {isa = PBXFileReference; lastKnownFileType = sourcecode.swift; path = Piece.swift; sourceTree = "<group>"; };
		0F4C47FC23F7FF0400CB53D9 /* Utilities.swift */ = {isa = PBXFileReference; lastKnownFileType = sourcecode.swift; path = Utilities.swift; sourceTree = "<group>"; };
		0F4C47FE23F8000000CB53D9 /* King.swift */ = {isa = PBXFileReference; lastKnownFileType = sourcecode.swift; path = King.swift; sourceTree = "<group>"; };
		0F4C480023F8011700CB53D9 /* Guard.swift */ = {isa = PBXFileReference; lastKnownFileType = sourcecode.swift; path = Guard.swift; sourceTree = "<group>"; };
		0F4C480223F801BA00CB53D9 /* Bishop.swift */ = {isa = PBXFileReference; lastKnownFileType = sourcecode.swift; path = Bishop.swift; sourceTree = "<group>"; };
		0F4C480423F8023300CB53D9 /* Horse.swift */ = {isa = PBXFileReference; lastKnownFileType = sourcecode.swift; path = Horse.swift; sourceTree = "<group>"; };
		0F4C480623F802A700CB53D9 /* Rook.swift */ = {isa = PBXFileReference; lastKnownFileType = sourcecode.swift; path = Rook.swift; sourceTree = "<group>"; };
		0F4C480823F8037C00CB53D9 /* Canon.swift */ = {isa = PBXFileReference; lastKnownFileType = sourcecode.swift; path = Canon.swift; sourceTree = "<group>"; };
		0F4C480A23F803D600CB53D9 /* Pawn.swift */ = {isa = PBXFileReference; lastKnownFileType = sourcecode.swift; path = Pawn.swift; sourceTree = "<group>"; };
		0F4C480C23F80A2200CB53D9 /* ChessCore.swift */ = {isa = PBXFileReference; lastKnownFileType = sourcecode.swift; path = ChessCore.swift; sourceTree = "<group>"; };
		0F52213C23F84F6E00AC559E /* NavigationView.swift */ = {isa = PBXFileReference; lastKnownFileType = sourcecode.swift; path = NavigationView.swift; sourceTree = "<group>"; };
		0F52213E23F84F7E00AC559E /* NavigationView.xib */ = {isa = PBXFileReference; lastKnownFileType = file.xib; path = NavigationView.xib; sourceTree = "<group>"; };
		0F52214023F8525500AC559E /* PlayerInfoView.swift */ = {isa = PBXFileReference; lastKnownFileType = sourcecode.swift; path = PlayerInfoView.swift; sourceTree = "<group>"; };
		0F52214223F8526600AC559E /* PlayerInfoView.xib */ = {isa = PBXFileReference; lastKnownFileType = file.xib; path = PlayerInfoView.xib; sourceTree = "<group>"; };
		0F84146723FE591500EFD274 /* AssistantView.xib */ = {isa = PBXFileReference; fileEncoding = 4; lastKnownFileType = file.xib; path = AssistantView.xib; sourceTree = "<group>"; };
		0F84146823FE591500EFD274 /* AssistantView.swift */ = {isa = PBXFileReference; fileEncoding = 4; lastKnownFileType = sourcecode.swift; path = AssistantView.swift; sourceTree = "<group>"; };
		0FAE557B23FC24FE000B7EF3 /* AlertView.xib */ = {isa = PBXFileReference; fileEncoding = 4; lastKnownFileType = file.xib; path = AlertView.xib; sourceTree = "<group>"; };
		0FAE557C23FC24FE000B7EF3 /* AlertView.swift */ = {isa = PBXFileReference; fileEncoding = 4; lastKnownFileType = sourcecode.swift; path = AlertView.swift; sourceTree = "<group>"; };
		0FD1B72423F7A1B00026AD63 /* ChineseChess.app */ = {isa = PBXFileReference; explicitFileType = wrapper.application; includeInIndex = 0; path = ChineseChess.app; sourceTree = BUILT_PRODUCTS_DIR; };
		0FD1B72723F7A1B00026AD63 /* AppDelegate.swift */ = {isa = PBXFileReference; lastKnownFileType = sourcecode.swift; path = AppDelegate.swift; sourceTree = "<group>"; };
		0FD1B72923F7A1B00026AD63 /* SceneDelegate.swift */ = {isa = PBXFileReference; lastKnownFileType = sourcecode.swift; path = SceneDelegate.swift; sourceTree = "<group>"; };
		0FD1B72B23F7A1B00026AD63 /* MainViewController.swift */ = {isa = PBXFileReference; lastKnownFileType = sourcecode.swift; path = MainViewController.swift; sourceTree = "<group>"; };
		0FD1B72E23F7A1B00026AD63 /* Base */ = {isa = PBXFileReference; lastKnownFileType = file.storyboard; name = Base; path = Base.lproj/Main.storyboard; sourceTree = "<group>"; };
		0FD1B73023F7A1B10026AD63 /* Assets.xcassets */ = {isa = PBXFileReference; lastKnownFileType = folder.assetcatalog; path = Assets.xcassets; sourceTree = "<group>"; };
		0FD1B73323F7A1B10026AD63 /* Base */ = {isa = PBXFileReference; lastKnownFileType = file.storyboard; name = Base; path = Base.lproj/LaunchScreen.storyboard; sourceTree = "<group>"; };
		0FD1B73523F7A1B10026AD63 /* Info.plist */ = {isa = PBXFileReference; lastKnownFileType = text.plist.xml; path = Info.plist; sourceTree = "<group>"; };
/* End PBXFileReference section */

/* Begin PBXFrameworksBuildPhase section */
		0FD1B72123F7A1B00026AD63 /* Frameworks */ = {
			isa = PBXFrameworksBuildPhase;
			buildActionMask = 2147483647;
			files = (
			);
			runOnlyForDeploymentPostprocessing = 0;
		};
/* End PBXFrameworksBuildPhase section */

/* Begin PBXGroup section */
		0F4C47EF23F7FA2900CB53D9 /* Model */ = {
			isa = PBXGroup;
			children = (
				0F4C47F823F7FE2500CB53D9 /* Board.swift */,
				0F4C47FA23F7FE8B00CB53D9 /* Piece.swift */,
				0F4C47FE23F8000000CB53D9 /* King.swift */,
				0F4C480023F8011700CB53D9 /* Guard.swift */,
				0F4C480223F801BA00CB53D9 /* Bishop.swift */,
				0F4C480423F8023300CB53D9 /* Horse.swift */,
				0F4C480623F802A700CB53D9 /* Rook.swift */,
				0F4C480823F8037C00CB53D9 /* Canon.swift */,
				0F4C480A23F803D600CB53D9 /* Pawn.swift */,
				0F4C480C23F80A2200CB53D9 /* ChessCore.swift */,
				0F4C47FC23F7FF0400CB53D9 /* Utilities.swift */,
			);
			path = Model;
			sourceTree = "<group>";
		};
		0F4C47F023F7FA3000CB53D9 /* View */ = {
			isa = PBXGroup;
			children = (
				0F4C47F223F7FC8900CB53D9 /* ContentView.swift */,
				0F4C47F423F7FD2800CB53D9 /* BoardView.swift */,
				0F4C47F623F7FDA100CB53D9 /* PieceView.swift */,
				0F52213C23F84F6E00AC559E /* NavigationView.swift */,
				0F52213E23F84F7E00AC559E /* NavigationView.xib */,
				0F52214023F8525500AC559E /* PlayerInfoView.swift */,
				0F52214223F8526600AC559E /* PlayerInfoView.xib */,
				0FAE557C23FC24FE000B7EF3 /* AlertView.swift */,
				0FAE557B23FC24FE000B7EF3 /* AlertView.xib */,
				0F84146823FE591500EFD274 /* AssistantView.swift */,
				0F84146723FE591500EFD274 /* AssistantView.xib */,
			);
			path = View;
			sourceTree = "<group>";
		};
		0F4C47F123F7FA3700CB53D9 /* Controller */ = {
			isa = PBXGroup;
			children = (
				0FD1B72B23F7A1B00026AD63 /* MainViewController.swift */,
				0F4C47ED23F7F9D100CB53D9 /* GameViewController.swift */,
			);
			path = Controller;
			sourceTree = "<group>";
		};
		0FD1B71B23F7A1B00026AD63 = {
			isa = PBXGroup;
			children = (
				0FD1B72623F7A1B00026AD63 /* ChineseChess */,
				0FD1B72523F7A1B00026AD63 /* Products */,
			);
			sourceTree = "<group>";
		};
		0FD1B72523F7A1B00026AD63 /* Products */ = {
			isa = PBXGroup;
			children = (
				0FD1B72423F7A1B00026AD63 /* ChineseChess.app */,
			);
			name = Products;
			sourceTree = "<group>";
		};
		0FD1B72623F7A1B00026AD63 /* ChineseChess */ = {
			isa = PBXGroup;
			children = (
				0F4C47EF23F7FA2900CB53D9 /* Model */,
				0F4C47F023F7FA3000CB53D9 /* View */,
				0F4C47F123F7FA3700CB53D9 /* Controller */,
				0FD1B72723F7A1B00026AD63 /* AppDelegate.swift */,
				0FD1B72923F7A1B00026AD63 /* SceneDelegate.swift */,
				0FD1B73023F7A1B10026AD63 /* Assets.xcassets */,
				0FD1B72D23F7A1B00026AD63 /* Main.storyboard */,
				0FD1B73223F7A1B10026AD63 /* LaunchScreen.storyboard */,
				0FD1B73523F7A1B10026AD63 /* Info.plist */,
			);
			path = ChineseChess;
			sourceTree = "<group>";
		};
/* End PBXGroup section */

/* Begin PBXNativeTarget section */
		0FD1B72323F7A1B00026AD63 /* ChineseChess */ = {
			isa = PBXNativeTarget;
			buildConfigurationList = 0FD1B73823F7A1B10026AD63 /* Build configuration list for PBXNativeTarget "ChineseChess" */;
			buildPhases = (
				0FD1B72023F7A1B00026AD63 /* Sources */,
				0FD1B72123F7A1B00026AD63 /* Frameworks */,
				0FD1B72223F7A1B00026AD63 /* Resources */,
			);
			buildRules = (
			);
			dependencies = (
			);
			name = ChineseChess;
			productName = ChineseChess;
			productReference = 0FD1B72423F7A1B00026AD63 /* ChineseChess.app */;
			productType = "com.apple.product-type.application";
		};
/* End PBXNativeTarget section */

/* Begin PBXProject section */
		0FD1B71C23F7A1B00026AD63 /* Project object */ = {
			isa = PBXProject;
			attributes = {
				LastSwiftUpdateCheck = 1130;
				LastUpgradeCheck = 1130;
				ORGANIZATIONNAME = "Loi Nguyen";
				TargetAttributes = {
					0FD1B72323F7A1B00026AD63 = {
						CreatedOnToolsVersion = 11.3.1;
					};
				};
			};
			buildConfigurationList = 0FD1B71F23F7A1B00026AD63 /* Build configuration list for PBXProject "ChineseChess" */;
			compatibilityVersion = "Xcode 9.3";
			developmentRegion = en;
			hasScannedForEncodings = 0;
			knownRegions = (
				en,
				Base,
			);
			mainGroup = 0FD1B71B23F7A1B00026AD63;
			productRefGroup = 0FD1B72523F7A1B00026AD63 /* Products */;
			projectDirPath = "";
			projectRoot = "";
			targets = (
				0FD1B72323F7A1B00026AD63 /* ChineseChess */,
			);
		};
/* End PBXProject section */

/* Begin PBXResourcesBuildPhase section */
		0FD1B72223F7A1B00026AD63 /* Resources */ = {
			isa = PBXResourcesBuildPhase;
			buildActionMask = 2147483647;
			files = (
				0F52214323F8526600AC559E /* PlayerInfoView.xib in Resources */,
				0F84146923FE591500EFD274 /* AssistantView.xib in Resources */,
				0FD1B73423F7A1B10026AD63 /* LaunchScreen.storyboard in Resources */,
				0FD1B73123F7A1B10026AD63 /* Assets.xcassets in Resources */,
				0FAE557D23FC24FE000B7EF3 /* AlertView.xib in Resources */,
				0F52213F23F84F7E00AC559E /* NavigationView.xib in Resources */,
				0FD1B72F23F7A1B00026AD63 /* Main.storyboard in Resources */,
			);
			runOnlyForDeploymentPostprocessing = 0;
		};
/* End PBXResourcesBuildPhase section */

/* Begin PBXSourcesBuildPhase section */
		0FD1B72023F7A1B00026AD63 /* Sources */ = {
			isa = PBXSourcesBuildPhase;
			buildActionMask = 2147483647;
			files = (
				0F4C47EE23F7F9D100CB53D9 /* GameViewController.swift in Sources */,
				0F4C47F323F7FC8900CB53D9 /* ContentView.swift in Sources */,
				0FAE557E23FC24FE000B7EF3 /* AlertView.swift in Sources */,
				0F4C47F723F7FDA100CB53D9 /* PieceView.swift in Sources */,
				0FD1B72C23F7A1B00026AD63 /* MainViewController.swift in Sources */,
				0F4C47F523F7FD2800CB53D9 /* BoardView.swift in Sources */,
				0F4C480923F8037C00CB53D9 /* Canon.swift in Sources */,
				0F4C480123F8011700CB53D9 /* Guard.swift in Sources */,
				0F52214123F8525500AC559E /* PlayerInfoView.swift in Sources */,
				0F4C47FB23F7FE8B00CB53D9 /* Piece.swift in Sources */,
				0F4C480323F801BA00CB53D9 /* Bishop.swift in Sources */,
				0F84146A23FE591500EFD274 /* AssistantView.swift in Sources */,
				0F4C47FF23F8000000CB53D9 /* King.swift in Sources */,
				0FD1B72823F7A1B00026AD63 /* AppDelegate.swift in Sources */,
				0F52213D23F84F6E00AC559E /* NavigationView.swift in Sources */,
				0F4C47F923F7FE2500CB53D9 /* Board.swift in Sources */,
				0F4C480523F8023300CB53D9 /* Horse.swift in Sources */,
				0F4C480B23F803D600CB53D9 /* Pawn.swift in Sources */,
				0F4C47FD23F7FF0400CB53D9 /* Utilities.swift in Sources */,
				0F4C480D23F80A2200CB53D9 /* ChessCore.swift in Sources */,
				0FD1B72A23F7A1B00026AD63 /* SceneDelegate.swift in Sources */,
				0F4C480723F802A700CB53D9 /* Rook.swift in Sources */,
			);
			runOnlyForDeploymentPostprocessing = 0;
		};
/* End PBXSourcesBuildPhase section */

/* Begin PBXVariantGroup section */
		0FD1B72D23F7A1B00026AD63 /* Main.storyboard */ = {
			isa = PBXVariantGroup;
			children = (
				0FD1B72E23F7A1B00026AD63 /* Base */,
			);
			name = Main.storyboard;
			sourceTree = "<group>";
		};
		0FD1B73223F7A1B10026AD63 /* LaunchScreen.storyboard */ = {
			isa = PBXVariantGroup;
			children = (
				0FD1B73323F7A1B10026AD63 /* Base */,
			);
			name = LaunchScreen.storyboard;
			sourceTree = "<group>";
		};
/* End PBXVariantGroup section */

/* Begin XCBuildConfiguration section */
		0FD1B73623F7A1B10026AD63 /* Debug */ = {
			isa = XCBuildConfiguration;
			buildSettings = {
				ALWAYS_SEARCH_USER_PATHS = NO;
				CLANG_ANALYZER_NONNULL = YES;
				CLANG_ANALYZER_NUMBER_OBJECT_CONVERSION = YES_AGGRESSIVE;
				CLANG_CXX_LANGUAGE_STANDARD = "gnu++14";
				CLANG_CXX_LIBRARY = "libc++";
				CLANG_ENABLE_MODULES = YES;
				CLANG_ENABLE_OBJC_ARC = YES;
				CLANG_ENABLE_OBJC_WEAK = YES;
				CLANG_WARN_BLOCK_CAPTURE_AUTORELEASING = YES;
				CLANG_WARN_BOOL_CONVERSION = YES;
				CLANG_WARN_COMMA = YES;
				CLANG_WARN_CONSTANT_CONVERSION = YES;
				CLANG_WARN_DEPRECATED_OBJC_IMPLEMENTATIONS = YES;
				CLANG_WARN_DIRECT_OBJC_ISA_USAGE = YES_ERROR;
				CLANG_WARN_DOCUMENTATION_COMMENTS = YES;
				CLANG_WARN_EMPTY_BODY = YES;
				CLANG_WARN_ENUM_CONVERSION = YES;
				CLANG_WARN_INFINITE_RECURSION = YES;
				CLANG_WARN_INT_CONVERSION = YES;
				CLANG_WARN_NON_LITERAL_NULL_CONVERSION = YES;
				CLANG_WARN_OBJC_IMPLICIT_RETAIN_SELF = YES;
				CLANG_WARN_OBJC_LITERAL_CONVERSION = YES;
				CLANG_WARN_OBJC_ROOT_CLASS = YES_ERROR;
				CLANG_WARN_RANGE_LOOP_ANALYSIS = YES;
				CLANG_WARN_STRICT_PROTOTYPES = YES;
				CLANG_WARN_SUSPICIOUS_MOVE = YES;
				CLANG_WARN_UNGUARDED_AVAILABILITY = YES_AGGRESSIVE;
				CLANG_WARN_UNREACHABLE_CODE = YES;
				CLANG_WARN__DUPLICATE_METHOD_MATCH = YES;
				COPY_PHASE_STRIP = NO;
				DEBUG_INFORMATION_FORMAT = dwarf;
				ENABLE_STRICT_OBJC_MSGSEND = YES;
				ENABLE_TESTABILITY = YES;
				GCC_C_LANGUAGE_STANDARD = gnu11;
				GCC_DYNAMIC_NO_PIC = NO;
				GCC_NO_COMMON_BLOCKS = YES;
				GCC_OPTIMIZATION_LEVEL = 0;
				GCC_PREPROCESSOR_DEFINITIONS = (
					"DEBUG=1",
					"$(inherited)",
				);
				GCC_WARN_64_TO_32_BIT_CONVERSION = YES;
				GCC_WARN_ABOUT_RETURN_TYPE = YES_ERROR;
				GCC_WARN_UNDECLARED_SELECTOR = YES;
				GCC_WARN_UNINITIALIZED_AUTOS = YES_AGGRESSIVE;
				GCC_WARN_UNUSED_FUNCTION = YES;
				GCC_WARN_UNUSED_VARIABLE = YES;
				IPHONEOS_DEPLOYMENT_TARGET = 13.2;
				MTL_ENABLE_DEBUG_INFO = INCLUDE_SOURCE;
				MTL_FAST_MATH = YES;
				ONLY_ACTIVE_ARCH = YES;
				SDKROOT = iphoneos;
				SWIFT_ACTIVE_COMPILATION_CONDITIONS = DEBUG;
				SWIFT_OPTIMIZATION_LEVEL = "-Onone";
			};
			name = Debug;
		};
		0FD1B73723F7A1B10026AD63 /* Release */ = {
			isa = XCBuildConfiguration;
			buildSettings = {
				ALWAYS_SEARCH_USER_PATHS = NO;
				CLANG_ANALYZER_NONNULL = YES;
				CLANG_ANALYZER_NUMBER_OBJECT_CONVERSION = YES_AGGRESSIVE;
				CLANG_CXX_LANGUAGE_STANDARD = "gnu++14";
				CLANG_CXX_LIBRARY = "libc++";
				CLANG_ENABLE_MODULES = YES;
				CLANG_ENABLE_OBJC_ARC = YES;
				CLANG_ENABLE_OBJC_WEAK = YES;
				CLANG_WARN_BLOCK_CAPTURE_AUTORELEASING = YES;
				CLANG_WARN_BOOL_CONVERSION = YES;
				CLANG_WARN_COMMA = YES;
				CLANG_WARN_CONSTANT_CONVERSION = YES;
				CLANG_WARN_DEPRECATED_OBJC_IMPLEMENTATIONS = YES;
				CLANG_WARN_DIRECT_OBJC_ISA_USAGE = YES_ERROR;
				CLANG_WARN_DOCUMENTATION_COMMENTS = YES;
				CLANG_WARN_EMPTY_BODY = YES;
				CLANG_WARN_ENUM_CONVERSION = YES;
				CLANG_WARN_INFINITE_RECURSION = YES;
				CLANG_WARN_INT_CONVERSION = YES;
				CLANG_WARN_NON_LITERAL_NULL_CONVERSION = YES;
				CLANG_WARN_OBJC_IMPLICIT_RETAIN_SELF = YES;
				CLANG_WARN_OBJC_LITERAL_CONVERSION = YES;
				CLANG_WARN_OBJC_ROOT_CLASS = YES_ERROR;
				CLANG_WARN_RANGE_LOOP_ANALYSIS = YES;
				CLANG_WARN_STRICT_PROTOTYPES = YES;
				CLANG_WARN_SUSPICIOUS_MOVE = YES;
				CLANG_WARN_UNGUARDED_AVAILABILITY = YES_AGGRESSIVE;
				CLANG_WARN_UNREACHABLE_CODE = YES;
				CLANG_WARN__DUPLICATE_METHOD_MATCH = YES;
				COPY_PHASE_STRIP = NO;
				DEBUG_INFORMATION_FORMAT = "dwarf-with-dsym";
				ENABLE_NS_ASSERTIONS = NO;
				ENABLE_STRICT_OBJC_MSGSEND = YES;
				GCC_C_LANGUAGE_STANDARD = gnu11;
				GCC_NO_COMMON_BLOCKS = YES;
				GCC_WARN_64_TO_32_BIT_CONVERSION = YES;
				GCC_WARN_ABOUT_RETURN_TYPE = YES_ERROR;
				GCC_WARN_UNDECLARED_SELECTOR = YES;
				GCC_WARN_UNINITIALIZED_AUTOS = YES_AGGRESSIVE;
				GCC_WARN_UNUSED_FUNCTION = YES;
				GCC_WARN_UNUSED_VARIABLE = YES;
				IPHONEOS_DEPLOYMENT_TARGET = 13.2;
				MTL_ENABLE_DEBUG_INFO = NO;
				MTL_FAST_MATH = YES;
				SDKROOT = iphoneos;
				SWIFT_COMPILATION_MODE = wholemodule;
				SWIFT_OPTIMIZATION_LEVEL = "-O";
				VALIDATE_PRODUCT = YES;
			};
			name = Release;
		};
		0FD1B73923F7A1B10026AD63 /* Debug */ = {
			isa = XCBuildConfiguration;
			buildSettings = {
				ASSETCATALOG_COMPILER_APPICON_NAME = AppIcon;
				CODE_SIGN_STYLE = Automatic;
				DEVELOPMENT_TEAM = GXW924A7VH;
				INFOPLIST_FILE = ChineseChess/Info.plist;
				IPHONEOS_DEPLOYMENT_TARGET = 10.0;
				LD_RUNPATH_SEARCH_PATHS = (
					"$(inherited)",
					"@executable_path/Frameworks",
				);
				PRODUCT_BUNDLE_IDENTIFIER = LoiNguyen.ChineseChess;
				PRODUCT_NAME = "$(TARGET_NAME)";
				SWIFT_VERSION = 4.2;
				TARGETED_DEVICE_FAMILY = "1,2";
			};
			name = Debug;
		};
		0FD1B73A23F7A1B10026AD63 /* Release */ = {
			isa = XCBuildConfiguration;
			buildSettings = {
				ASSETCATALOG_COMPILER_APPICON_NAME = AppIcon;
				CODE_SIGN_STYLE = Automatic;
				DEVELOPMENT_TEAM = GXW924A7VH;
				INFOPLIST_FILE = ChineseChess/Info.plist;
				IPHONEOS_DEPLOYMENT_TARGET = 10.0;
				LD_RUNPATH_SEARCH_PATHS = (
					"$(inherited)",
					"@executable_path/Frameworks",
				);
				PRODUCT_BUNDLE_IDENTIFIER = LoiNguyen.ChineseChess;
				PRODUCT_NAME = "$(TARGET_NAME)";
				SWIFT_VERSION = 4.2;
				TARGETED_DEVICE_FAMILY = "1,2";
			};
			name = Release;
		};
/* End XCBuildConfiguration section */

/* Begin XCConfigurationList section */
		0FD1B71F23F7A1B00026AD63 /* Build configuration list for PBXProject "ChineseChess" */ = {
			isa = XCConfigurationList;
			buildConfigurations = (
				0FD1B73623F7A1B10026AD63 /* Debug */,
				0FD1B73723F7A1B10026AD63 /* Release */,
			);
			defaultConfigurationIsVisible = 0;
			defaultConfigurationName = Release;
		};
		0FD1B73823F7A1B10026AD63 /* Build configuration list for PBXNativeTarget "ChineseChess" */ = {
			isa = XCConfigurationList;
			buildConfigurations = (
				0FD1B73923F7A1B10026AD63 /* Debug */,
				0FD1B73A23F7A1B10026AD63 /* Release */,
			);
			defaultConfigurationIsVisible = 0;
			defaultConfigurationName = Release;
		};
/* End XCConfigurationList section */
	};
	rootObject = 0FD1B71C23F7A1B00026AD63 /* Project object */;
}
